{
  "name": "node-qemu",
  "version": "0.1.1",
  "lockfileVersion": 3,
  "requires": true,
  "packages": {
    "": {
      "name": "node-qemu",
      "version": "0.1.1",
      "hasInstallScript": true,
      "license": "ISC",
      "dependencies": {
        "child_process": "^1.0.2",
        "qemu-qmp": "^0.5.0",
        "rfb2": "^0.2.2"
      }
    },
    "node_modules/child_process": {
      "version": "1.0.2",
      "license": "ISC"
    },
    "node_modules/qemu-qmp": {
      "version": "0.5.0",
      "dependencies": {
        "split": "*"
      }
    },
    "node_modules/rfb2": {
      "version": "0.2.2",
      "engines": {
        "node": "*"
      }
    },
    "node_modules/split": {
      "version": "1.0.1",
      "license": "MIT",
      "dependencies": {
        "through": "2"
      },
      "engines": {
        "node": "*"
      }
    },
    "node_modules/through": {
      "version": "2.3.8",
      "license": "MIT"
    }
  }
}
